# THIS IS AN AUTOGENERATED FILE. DO NOT EDIT THIS FILE DIRECTLY.
# yarn lockfile v1


"@jest/create-cache-key-function@^27.4.2":
  version "27.5.1"
  resolved "https://registry.yarnpkg.com/@jest/create-cache-key-function/-/create-cache-key-function-27.5.1.tgz#7448fae15602ea95c828f5eceed35c202a820b31"
  integrity sha512-dmH1yW+makpTSURTy8VzdUwFnfQh1G8R+DxO2Ho2FFmBbKFEVm+3jWdvFhE2VqB/LATCTokkP0dotjyQyw5/AQ==
  dependencies:
    "@jest/types" "^27.5.1"

"@jest/types@^27.5.1":
  version "27.5.1"
  resolved "https://registry.yarnpkg.com/@jest/types/-/types-27.5.1.tgz#3c79ec4a8ba61c170bf937bcf9e98a9df175ec80"
  integrity sha512-Cx46iJ9QpwQTjIdq5VJu2QTMMs3QlEjI0x1QbBP5W1+nMzyc2XmimiRR/CbX9TO0cPTeUlxWMOu8mslYsJ8DEw==
  dependencies:
    "@types/istanbul-lib-coverage" "^2.0.0"
    "@types/istanbul-reports" "^3.0.0"
    "@types/node" "*"
    "@types/yargs" "^16.0.0"
    chalk "^4.0.0"

"@swc/core-darwin-arm64@1.3.56":
  version "1.3.56"
  resolved "https://registry.yarnpkg.com/@swc/core-darwin-arm64/-/core-darwin-arm64-1.3.56.tgz#a846f7fdbc274aa7d299568031dde025d44a3b4c"
  integrity sha512-DZcu7BzDaLEdWHabz9DRTP0yEBLqkrWmskFcD5BX0lGAvoIvE4duMnAqi5F2B3X7630QioHRCYFoRw2WkeE3Cw==

"@swc/core-darwin-x64@1.3.56":
  version "1.3.56"
  resolved "https://registry.yarnpkg.com/@swc/core-darwin-x64/-/core-darwin-x64-1.3.56.tgz#793865f14f07f5eff6a6e6764aa6c766983fa007"
  integrity sha512-VH5saqYFasdRXJy6RAT+MXm0+IjkMZvOkohJwUei+oA65cKJofQwrJ1jZro8yOJFYvUSI3jgNRGsdBkmo/4hMw==

"@swc/core-linux-arm-gnueabihf@1.3.56":
  version "1.3.56"
  resolved "https://registry.yarnpkg.com/@swc/core-linux-arm-gnueabihf/-/core-linux-arm-gnueabihf-1.3.56.tgz#6942e9a4f6086da66d995c46c2ab2b0f7fa86a1d"
  integrity sha512-LWwPo6NnJkH01+ukqvkoNIOpMdw+Zundm4vBeicwyVrkP+mC3kwVfi03TUFpQUz3kRKdw/QEnxGTj+MouCPbtw==

"@swc/core-linux-arm64-gnu@1.3.56":
  version "1.3.56"
  resolved "https://registry.yarnpkg.com/@swc/core-linux-arm64-gnu/-/core-linux-arm64-gnu-1.3.56.tgz#21c3f8083c2d0a8028a07bf42cdd2a345e5108e9"
  integrity sha512-GzsUy/4egJ4cMlxbM+Ub7AMi5CKAc+pxBxrh8MUPQbyStW8jGgnQsJouTnGy0LHawtdEnsCOl6PcO6OgvktXuQ==

"@swc/core-linux-arm64-musl@1.3.56":
  version "1.3.56"
  resolved "https://registry.yarnpkg.com/@swc/core-linux-arm64-musl/-/core-linux-arm64-musl-1.3.56.tgz#87c9781f0814bca65074f357e5cfdcdd7fb09845"
  integrity sha512-9gxL09BIiAv8zY0DjfnFf19bo8+P4T9tdhzPwcm+1yPJcY5yr1+YFWLNFzz01agtOj6VlZ2/wUJTaOfdjjtc+A==

"@swc/core-linux-x64-gnu@1.3.56":
  version "1.3.56"
  resolved "https://registry.yarnpkg.com/@swc/core-linux-x64-gnu/-/core-linux-x64-gnu-1.3.56.tgz#55edae77d1c6a2b6230abbc79bccd175cb7c2208"
  integrity sha512-n0ORNknl50vMRkll3BDO1E4WOqY6iISlPV1ZQCRLWQ6YQ2q8/WAryBxc2OAybcGHBUFkxyACpJukeU1QZ/9tNw==

"@swc/core-linux-x64-musl@1.3.56":
  version "1.3.56"
  resolved "https://registry.yarnpkg.com/@swc/core-linux-x64-musl/-/core-linux-x64-musl-1.3.56.tgz#45bf5a6611350bcbe3bdd1eac6f5fcfe69502137"
  integrity sha512-r+D34WLAOAlJtfw1gaVWpHRwCncU9nzW9i7w9kSw4HpWYnHJOz54jLGSEmNsrhdTCz1VK2ar+V2ktFUsrlGlDA==

"@swc/core-win32-arm64-msvc@1.3.56":
  version "1.3.56"
  resolved "https://registry.yarnpkg.com/@swc/core-win32-arm64-msvc/-/core-win32-arm64-msvc-1.3.56.tgz#28853170b9e4f57a793d617aab75ef4b9c4b8a7f"
  integrity sha512-29Yt75Is6X24z3x8h/xZC1HnDPkPpyLH9mDQiM6Cuc0I9mVr1XSriPEUB2N/awf5IE4SA8c+3IVq1DtKWbkJIw==

"@swc/core-win32-ia32-msvc@1.3.56":
  version "1.3.56"
  resolved "https://registry.yarnpkg.com/@swc/core-win32-ia32-msvc/-/core-win32-ia32-msvc-1.3.56.tgz#dfa120fece0741c6ccc24885d4c155c9593a956e"
  integrity sha512-mplp0zbYDrcHtfvkniXlXdB04e2qIjz2Gq/XHKr4Rnc6xVORJjjXF91IemXKpavx2oZYJws+LNJL7UFQ8jyCdQ==

"@swc/core-win32-x64-msvc@1.3.56":
  version "1.3.56"
  resolved "https://registry.yarnpkg.com/@swc/core-win32-x64-msvc/-/core-win32-x64-msvc-1.3.56.tgz#23b601b9afcdc435e2e4d66767ac5fa6bb50d640"
  integrity sha512-zp8MBnrw/bjdLenO/ifYzHrImSjKunqL0C2IF4LXYNRfcbYFh2NwobsVQMZ20IT0474lKRdlP8Oxdt+bHuXrzA==

"@swc/core@^1.3.56":
  version "1.3.56"
  resolved "https://registry.yarnpkg.com/@swc/core/-/core-1.3.56.tgz#b12e98bc9ef39dc6092e71ea922f8073f7bec50f"
  integrity sha512-yz/EeXT+PMZucUNrYceRUaTfuNS4IIu5EDZSOlvCEvm4jAmZi7CYH1B/kvzEzoAOzr7zkQiDPNJftcQXLkjbjA==
  optionalDependencies:
    "@swc/core-darwin-arm64" "1.3.56"
    "@swc/core-darwin-x64" "1.3.56"
    "@swc/core-linux-arm-gnueabihf" "1.3.56"
    "@swc/core-linux-arm64-gnu" "1.3.56"
    "@swc/core-linux-arm64-musl" "1.3.56"
    "@swc/core-linux-x64-gnu" "1.3.56"
    "@swc/core-linux-x64-musl" "1.3.56"
    "@swc/core-win32-arm64-msvc" "1.3.56"
    "@swc/core-win32-ia32-msvc" "1.3.56"
    "@swc/core-win32-x64-msvc" "1.3.56"

"@swc/jest@^0.2.26":
  version "0.2.26"
  resolved "https://registry.yarnpkg.com/@swc/jest/-/jest-0.2.26.tgz#6ef2d6d31869e3aaddc132603bc21f2e4c57cc5d"
  integrity sha512-7lAi7q7ShTO3E5Gt1Xqf3pIhRbERxR1DUxvtVa9WKzIB+HGQ7wZP5sYx86zqnaEoKKGhmOoZ7gyW0IRu8Br5+A==
  dependencies:
    "@jest/create-cache-key-function" "^27.4.2"
    jsonc-parser "^3.2.0"

"@types/istanbul-lib-coverage@*", "@types/istanbul-lib-coverage@^2.0.0":
  version "2.0.4"
  resolved "https://registry.yarnpkg.com/@types/istanbul-lib-coverage/-/istanbul-lib-coverage-2.0.4.tgz#8467d4b3c087805d63580480890791277ce35c44"
  integrity sha512-z/QT1XN4K4KYuslS23k62yDIDLwLFkzxOuMplDtObz0+y7VqJCaO2o+SPwHCvLFZh7xazvvoor2tA/hPz9ee7g==

"@types/istanbul-lib-report@*":
  version "3.0.0"
  resolved "https://registry.yarnpkg.com/@types/istanbul-lib-report/-/istanbul-lib-report-3.0.0.tgz#c14c24f18ea8190c118ee7562b7ff99a36552686"
  integrity sha512-plGgXAPfVKFoYfa9NpYDAkseG+g6Jr294RqeqcqDixSbU34MZVJRi/P+7Y8GDpzkEwLaGZZOpKIEmeVZNtKsrg==
  dependencies:
    "@types/istanbul-lib-coverage" "*"

"@types/istanbul-reports@^3.0.0":
  version "3.0.1"
  resolved "https://registry.yarnpkg.com/@types/istanbul-reports/-/istanbul-reports-3.0.1.tgz#9153fe98bba2bd565a63add9436d6f0d7f8468ff"
  integrity sha512-c3mAZEuK0lvBp8tmuL74XRKn1+y2dcwOUpH7x4WrF6gk1GIgiluDRgMYQtw2OFcBvAJWlt6ASU3tSqxp0Uu0Aw==
  dependencies:
    "@types/istanbul-lib-report" "*"

"@types/node@*":
  version "18.16.3"
  resolved "https://registry.yarnpkg.com/@types/node/-/node-18.16.3.tgz#6bda7819aae6ea0b386ebc5b24bdf602f1b42b01"
  integrity sha512-OPs5WnnT1xkCBiuQrZA4+YAV4HEJejmHneyraIaxsbev5yCEr6KMwINNFP9wQeFIw8FWcoTqF3vQsa5CDaI+8Q==

"@types/yargs-parser@*":
  version "21.0.0"
  resolved "https://registry.yarnpkg.com/@types/yargs-parser/-/yargs-parser-21.0.0.tgz#0c60e537fa790f5f9472ed2776c2b71ec117351b"
  integrity sha512-iO9ZQHkZxHn4mSakYV0vFHAVDyEOIJQrV2uZ06HxEPcx+mt8swXoZHIbaaJ2crJYFfErySgktuTZ3BeLz+XmFA==

"@types/yargs@^16.0.0":
  version "16.0.5"
  resolved "https://registry.yarnpkg.com/@types/yargs/-/yargs-16.0.5.tgz#12cc86393985735a283e387936398c2f9e5f88e3"
  integrity sha512-AxO/ADJOBFJScHbWhq2xAhlWP24rY4aCEG/NFaMvbT3X2MgRsLjhjQwsn0Zi5zn0LG9jUhCCZMeX9Dkuw6k+vQ==
  dependencies:
    "@types/yargs-parser" "*"

ansi-styles@^4.1.0:
  version "4.3.0"
  resolved "https://registry.yarnpkg.com/ansi-styles/-/ansi-styles-4.3.0.tgz#edd803628ae71c04c85ae7a0906edad34b648937"
  integrity sha512-zbB9rCJAT1rbjiVDb2hqKFHNYLxgtk8NURxZ3IZwD3F6NtxbXZQCnnSi1Lkx+IDohdPlFp222wVALIheZJQSEg==
  dependencies:
    color-convert "^2.0.1"

chalk@^4.0.0:
  version "4.1.2"
  resolved "https://registry.yarnpkg.com/chalk/-/chalk-4.1.2.tgz#aac4e2b7734a740867aeb16bf02aad556a1e7a01"
  integrity sha512-oKnbhFyRIXpUuez8iBMmyEa4nbj4IOQyuhc/wy9kY7/WVPcwIO9VA668Pu8RkO7+0G76SLROeyw9CpQ061i4mA==
  dependencies:
    ansi-styles "^4.1.0"
    supports-color "^7.1.0"

color-convert@^2.0.1:
  version "2.0.1"
  resolved "https://registry.yarnpkg.com/color-convert/-/color-convert-2.0.1.tgz#72d3a68d598c9bdb3af2ad1e84f21d896abd4de3"
  integrity sha512-RRECPsj7iu/xb5oKYcsFHSppFNnsj/52OVTRKb4zP5onXwVF3zVmmToNcOfGC+CRDpfK/U584fMg38ZHCaElKQ==
  dependencies:
    color-name "~1.1.4"

color-name@~1.1.4:
  version "1.1.4"
  resolved "https://registry.yarnpkg.com/color-name/-/color-name-1.1.4.tgz#c2a09a87acbde69543de6f63fa3995c826c536a2"
  integrity sha512-dOy+3AuW3a2wNbZHIuMZpTcgjGuLU/uBL/ubcZF9OXbDo8ff4O8yVp5Bf0efS8uEoYo5q4Fx7dY9OgQGXgAsQA==

has-flag@^4.0.0:
  version "4.0.0"
  resolved "https://registry.yarnpkg.com/has-flag/-/has-flag-4.0.0.tgz#944771fd9c81c81265c4d6941860da06bb59479b"
  integrity sha512-EykJT/Q1KjTWctppgIAgfSO0tKVuZUjhgMr17kqTumMl6Afv3EISleU7qZUzoXDFTAHTDC4NOoG/ZxU3EvlMPQ==

jsonc-parser@^3.2.0:
  version "3.2.0"
  resolved "https://registry.yarnpkg.com/jsonc-parser/-/jsonc-parser-3.2.0.tgz#31ff3f4c2b9793f89c67212627c51c6394f88e76"
  integrity sha512-gfFQZrcTc8CnKXp6Y4/CBT3fTc0OVuDofpre4aEeEpSBPV5X5v4+Vmx+8snU7RLPrNHPKSgLxGo9YuQzz20o+w==

supports-color@^7.1.0:
  version "7.2.0"
  resolved "https://registry.yarnpkg.com/supports-color/-/supports-color-7.2.0.tgz#1b7dcdcb32b8138801b3e478ba6a51caa89648da"
  integrity sha512-qpCAvRl9stuOHveKsn7HncJRvv501qIacKzQlO/+Lwxc9+0q2wLyv4Dfvt80/DPn2pqOBsJdDiogXGR9+OvwRw==
  dependencies:
    has-flag "^4.0.0"

typescript@^5.0.4:
  version "5.0.4"
  resolved "https://registry.yarnpkg.com/typescript/-/typescript-5.0.4.tgz#b217fd20119bd61a94d4011274e0ab369058da3b"
  integrity sha512-cW9T5W9xY37cc+jfEnaUvX91foxtHkza3Nw3wkoF4sSlKn0MONdkdEndig/qPBWXNkmplh3NzayQzCiHM4/hqw==
